# THIS IS AN AUTOGENERATED FILE. DO NOT EDIT THIS FILE DIRECTLY.
# yarn lockfile v1


zod@^4.1.5:
  version "4.1.5"
  resolved "https://registry.yarnpkg.com/zod/-/zod-4.1.5.tgz#7a21fc3178928ede50a28f7d0db4414c4cdb0161"
  integrity sha512-rcUUZqlLJgBC33IT3PNMgsCq6TzLQEG/Ei/KTCU0PedSWRMAXoOUN+4t/0H+Q8bdnLPdqUYnvboJT0bn/229qg==
